Microsoft Visual Studio Solution File, Format Version 11.00
# Visual Studio 2008

Project("{EAE835E8-3C04-94A3-7622-9F254F7D3392}") = "Stream", "Assembly-CSharp.csproj", "{32B7CA11-2FA6-7882-F28B-45172753601B}"
EndProject
Project("{EAE835E8-3C04-94A3-7622-9F254F7D3392}") = "Stream", "Assembly-CSharp-Editor.csproj", "{39DCCF90-2348-3D10-73D4-EDCEEDB867B4}"
EndProject
Global
	GlobalSection(SolutionConfigurationPlatforms) = preSolution
		Debug|Any CPU = Debug|Any CPU
		Release|Any CPU = Release|Any CPU
	EndGlobalSection
	GlobalSection(ProjectConfigurationPlatforms) = postSolution
		{32B7CA11-2FA6-7882-F28B-45172753601B}.Debug|Any CPU.ActiveCfg = Debug|Any CPU
		{32B7CA11-2FA6-7882-F28B-45172753601B}.Debug|Any CPU.Build.0 = Debug|Any CPU
		{32B7CA11-2FA6-7882-F28B-45172753601B}.Release|Any CPU.ActiveCfg = Release|Any CPU
		{32B7CA11-2FA6-7882-F28B-45172753601B}.Release|Any CPU.Build.0 = Release|Any CPU
		{39DCCF90-2348-3D10-73D4-EDCEEDB867B4}.Debug|Any CPU.ActiveCfg = Debug|Any CPU
		{39DCCF90-2348-3D10-73D4-EDCEEDB867B4}.Debug|Any CPU.Build.0 = Debug|Any CPU
		{39DCCF90-2348-3D10-73D4-EDCEEDB867B4}.Release|Any CPU.ActiveCfg = Release|Any CPU
		{39DCCF90-2348-3D10-73D4-EDCEEDB867B4}.Release|Any CPU.Build.0 = Release|Any CPU
	EndGlobalSection
	GlobalSection(SolutionProperties) = preSolution
		HideSolutionNode = FALSE
	EndGlobalSection
	GlobalSection(MonoDevelopProperties) = preSolution
		StartupItem = Assembly-CSharp.csproj
	EndGlobalSection
EndGlobal
